
Microsoft Visual Studio Solution File, Format Version 12.00
# Visual Studio Version 17
VisualStudioVersion = 17.4.33403.182
MinimumVisualStudioVersion = 10.0.40219.1
Project("{FAE04EC0-301F-11D3-BF4B-00C04F79EFBC}") = "v4net6funcconfigstart563", "v4net6funcconfigstart563.csproj", "{3F623C60-EFE8-4882-9A1B-4ED9D9F275D8}"
EndProject
Global
	GlobalSection(SolutionConfigurationPlatforms) = preSolution
		Debug|Any CPU = Debug|Any CPU
		Release|Any CPU = Release|Any CPU
	EndGlobalSection
	GlobalSection(ProjectConfigurationPlatforms) = postSolution
		{3F623C60-EFE8-4882-9A1B-4ED9D9F275D8}.Debug|Any CPU.ActiveCfg = Debug|Any CPU
		{3F623C60-EFE8-4882-9A1B-4ED9D9F275D8}.Debug|Any CPU.Build.0 = Debug|Any CPU
		{3F623C60-EFE8-4882-9A1B-4ED9D9F275D8}.Release|Any CPU.ActiveCfg = Release|Any CPU
		{3F623C60-EFE8-4882-9A1B-4ED9D9F275D8}.Release|Any CPU.Build.0 = Release|Any CPU
	EndGlobalSection
	GlobalSection(SolutionProperties) = preSolution
		HideSolutionNode = FALSE
	EndGlobalSection
	GlobalSection(ExtensibilityGlobals) = postSolution
		SolutionGuid = {35BE8926-6B8B-4326-96F3-E18ADC9CD177}
	EndGlobalSection
EndGlobal
